
Microsoft Visual Studio Solution File, Format Version 12.00
# Visual Studio 15
VisualStudioVersion = 15.0.27703.2035
MinimumVisualStudioVersion = 10.0.40219.1
Project("{9A19103F-16F7-4668-BE54-9A1E7A4F7556}") = "GraphData.Core.Data", "GraphData.Core.Data\GraphData.Core.Data.csproj", "{6713CD81-B28F-4153-B992-BB775D278E70}"
EndProject
Project("{9A19103F-16F7-4668-BE54-9A1E7A4F7556}") = "GraphData.Core.GraphQL", "GraphData.Core.GraphQL\GraphData.Core.GraphQL.csproj", "{86CBA915-A231-4F27-BD18-CE4126A77D19}"
EndProject
Project("{00D1A9C2-B5F0-4AF3-8072-F6C62B433612}") = "GraphDb", "GraphDb\GraphDb.sqlproj", "{F05C8C74-ADEE-4AAB-99BA-ECB4745B742C}"
EndProject
Project("{2150E333-8FDC-42A3-9474-1A3956D46DE8}") = "Diagrams", "Diagrams", "{92AC730F-AFEE-447E-BCDD-DF14AEF9F2FA}"
	ProjectSection(SolutionItems) = preProject
		GraphDb.vsdx = GraphDb.vsdx
	EndProjectSection
EndProject
Project("{FAE04EC0-301F-11D3-BF4B-00C04F79EFBC}") = "GraphData.Web", "GraphData.Web\GraphData.Web.csproj", "{AA979BB6-49D4-4BBC-90F4-04ECA477216C}"
EndProject
Global
	GlobalSection(SolutionConfigurationPlatforms) = preSolution
		Debug|Any CPU = Debug|Any CPU
		Release|Any CPU = Release|Any CPU
	EndGlobalSection
	GlobalSection(ProjectConfigurationPlatforms) = postSolution
		{6713CD81-B28F-4153-B992-BB775D278E70}.Debug|Any CPU.ActiveCfg = Debug|Any CPU
		{6713CD81-B28F-4153-B992-BB775D278E70}.Debug|Any CPU.Build.0 = Debug|Any CPU
		{6713CD81-B28F-4153-B992-BB775D278E70}.Release|Any CPU.ActiveCfg = Release|Any CPU
		{6713CD81-B28F-4153-B992-BB775D278E70}.Release|Any CPU.Build.0 = Release|Any CPU
		{86CBA915-A231-4F27-BD18-CE4126A77D19}.Debug|Any CPU.ActiveCfg = Debug|Any CPU
		{86CBA915-A231-4F27-BD18-CE4126A77D19}.Debug|Any CPU.Build.0 = Debug|Any CPU
		{86CBA915-A231-4F27-BD18-CE4126A77D19}.Release|Any CPU.ActiveCfg = Release|Any CPU
		{86CBA915-A231-4F27-BD18-CE4126A77D19}.Release|Any CPU.Build.0 = Release|Any CPU
		{F05C8C74-ADEE-4AAB-99BA-ECB4745B742C}.Debug|Any CPU.ActiveCfg = Debug|Any CPU
		{F05C8C74-ADEE-4AAB-99BA-ECB4745B742C}.Debug|Any CPU.Build.0 = Debug|Any CPU
		{F05C8C74-ADEE-4AAB-99BA-ECB4745B742C}.Release|Any CPU.ActiveCfg = Release|Any CPU
		{F05C8C74-ADEE-4AAB-99BA-ECB4745B742C}.Release|Any CPU.Build.0 = Release|Any CPU
		{F05C8C74-ADEE-4AAB-99BA-ECB4745B742C}.Release|Any CPU.Deploy.0 = Release|Any CPU
		{AA979BB6-49D4-4BBC-90F4-04ECA477216C}.Debug|Any CPU.ActiveCfg = Debug|Any CPU
		{AA979BB6-49D4-4BBC-90F4-04ECA477216C}.Debug|Any CPU.Build.0 = Debug|Any CPU
		{AA979BB6-49D4-4BBC-90F4-04ECA477216C}.Release|Any CPU.ActiveCfg = Release|Any CPU
		{AA979BB6-49D4-4BBC-90F4-04ECA477216C}.Release|Any CPU.Build.0 = Release|Any CPU
	EndGlobalSection
	GlobalSection(SolutionProperties) = preSolution
		HideSolutionNode = FALSE
	EndGlobalSection
	GlobalSection(ExtensibilityGlobals) = postSolution
		SolutionGuid = {4F4290E9-E46D-42CB-883E-DF54130F7716}
	EndGlobalSection
EndGlobal
